<?xml version="1.0" encoding="UTF-8" standalone="yes" ?>
<CodeBlocks_project_file>
	<FileVersion major="1" minor="6" />
	<Project>
		<Option title="pipemania" />
		<Option pch_mode="2" />
		<Option compiler="gcc" />
		<Build>
			<Target title="Debug">
				<Option output="bin/Debug/pipemania" prefix_auto="1" extension_auto="1" />
				<Option object_output="obj/Debug/" />
				<Option type="1" />
				<Option compiler="gcc" />
				<Compiler>
					<Add option="-g" />
					<Add directory="include" />
				</Compiler>
			</Target>
			<Target title="Release">
				<Option output="bin/Release/pipemania" prefix_auto="1" extension_auto="1" />
				<Option object_output="obj/Release/" />
				<Option type="0" />
				<Option compiler="gcc" />
				<Compiler>
					<Add option="-O2" />
					<Add directory="include" />
				</Compiler>
				<Linker>
					<Add option="-s" />
				</Linker>
			</Target>
			<Target title="Windows">
				<Option output="pipemania" prefix_auto="1" extension_auto="1" />
				<Option type="0" />
				<Option compiler="gcc" />
				<Compiler>
					<Add directory="C:/SDL/include" />
					<Add directory="include" />
				</Compiler>
				<Linker>
					<Add option="-lmingw32 -lSDLmain -lSDL" />
					<Add directory="C:/SDL/lib" />
					<Add directory="C:/SDL/bin" />
				</Linker>
			</Target>
		</Build>
		<Compiler>
			<Add option="-Wall" />
			<Add option="`sdl-config --cflags`" />
		</Compiler>
		<Linker>
			<Add option="`sdl-config --libs`" />
			<Add option="-lSDL_image" />
		</Linker>
		<Unit filename="README.md">
			<Option target="Debug" />
			<Option target="Release" />
		</Unit>
		<Unit filename="background.png">
			<Option target="Debug" />
			<Option target="Release" />
		</Unit>
		<Unit filename="include/Board.h" />
		<Unit filename="include/Log.h" />
		<Unit filename="include/Pipe.h" />
		<Unit filename="main.cpp" />
		<Unit filename="pipes.png">
			<Option target="Debug" />
			<Option target="Release" />
		</Unit>
		<Unit filename="pipes2.png">
			<Option target="Debug" />
			<Option target="Release" />
		</Unit>
		<Unit filename="src/Board.cpp" />
		<Unit filename="src/Log.cpp" />
		<Unit filename="src/Pipe.cpp" />
		<Extensions>
			<code_completion />
			<debugger />
			<envvars />
		</Extensions>
	</Project>
</CodeBlocks_project_file>
